
Microsoft Visual Studio Solution File, Format Version 12.00
# Visual Studio Version 17
VisualStudioVersion = 17.1.32319.34
MinimumVisualStudioVersion = 10.0.40219.1
Project("{F184B08F-C81C-45F6-A57F-5ABD9991F28F}") = "ASCOM.ThunderFocus.CoverCalibrator", "ASCOM.ThunderFocus.CoverCalibrator\ASCOM.ThunderFocus.CoverCalibrator.vbproj", "{71BB4DA7-4092-416D-89FE-97CD15207371}"
EndProject
Project("{F184B08F-C81C-45F6-A57F-5ABD9991F28F}") = "ASCOM.ThunderFocus.Focuser", "ASCOM.ThunderFocus.Focuser\ASCOM.ThunderFocus.Focuser.vbproj", "{87EA2D07-4E59-4307-BD8D-4EB415997C65}"
EndProject
Project("{F184B08F-C81C-45F6-A57F-5ABD9991F28F}") = "ASCOM.ThunderFocus.Switch", "ASCOM.ThunderFocus.Switch\ASCOM.ThunderFocus.Switch.vbproj", "{5614894A-9420-406F-93B4-BFB737A1635A}"
EndProject
Project("{F184B08F-C81C-45F6-A57F-5ABD9991F28F}") = "ASCOM.ThunderFocus.ObservingConditions", "ASCOM.ThunderFocus.ObservingConditions\ASCOM.ThunderFocus.ObservingConditions.vbproj", "{94F0D11A-E96B-4B3A-870A-91A3B1E9932F}"
EndProject
Global
	GlobalSection(SolutionConfigurationPlatforms) = preSolution
		Debug|Any CPU = Debug|Any CPU
		Release|Any CPU = Release|Any CPU
	EndGlobalSection
	GlobalSection(ProjectConfigurationPlatforms) = postSolution
		{71BB4DA7-4092-416D-89FE-97CD15207371}.Debug|Any CPU.ActiveCfg = Debug|Any CPU
		{71BB4DA7-4092-416D-89FE-97CD15207371}.Debug|Any CPU.Build.0 = Debug|Any CPU
		{71BB4DA7-4092-416D-89FE-97CD15207371}.Release|Any CPU.ActiveCfg = Release|Any CPU
		{71BB4DA7-4092-416D-89FE-97CD15207371}.Release|Any CPU.Build.0 = Release|Any CPU
		{87EA2D07-4E59-4307-BD8D-4EB415997C65}.Debug|Any CPU.ActiveCfg = Debug|Any CPU
		{87EA2D07-4E59-4307-BD8D-4EB415997C65}.Debug|Any CPU.Build.0 = Debug|Any CPU
		{87EA2D07-4E59-4307-BD8D-4EB415997C65}.Release|Any CPU.ActiveCfg = Release|Any CPU
		{87EA2D07-4E59-4307-BD8D-4EB415997C65}.Release|Any CPU.Build.0 = Release|Any CPU
		{5614894A-9420-406F-93B4-BFB737A1635A}.Debug|Any CPU.ActiveCfg = Debug|Any CPU
		{5614894A-9420-406F-93B4-BFB737A1635A}.Debug|Any CPU.Build.0 = Debug|Any CPU
		{5614894A-9420-406F-93B4-BFB737A1635A}.Release|Any CPU.ActiveCfg = Release|Any CPU
		{5614894A-9420-406F-93B4-BFB737A1635A}.Release|Any CPU.Build.0 = Release|Any CPU
		{94F0D11A-E96B-4B3A-870A-91A3B1E9932F}.Debug|Any CPU.ActiveCfg = Debug|Any CPU
		{94F0D11A-E96B-4B3A-870A-91A3B1E9932F}.Debug|Any CPU.Build.0 = Debug|Any CPU
		{94F0D11A-E96B-4B3A-870A-91A3B1E9932F}.Release|Any CPU.ActiveCfg = Release|Any CPU
		{94F0D11A-E96B-4B3A-870A-91A3B1E9932F}.Release|Any CPU.Build.0 = Release|Any CPU
	EndGlobalSection
	GlobalSection(SolutionProperties) = preSolution
		HideSolutionNode = FALSE
	EndGlobalSection
	GlobalSection(ExtensibilityGlobals) = postSolution
		SolutionGuid = {A662C420-16CA-41E7-B9F5-3B4E97989CAB}
	EndGlobalSection
EndGlobal
